
Microsoft Visual Studio Solution File, Format Version 11.00
# Visual Studio 2010
Project("{FAE04EC0-301F-11D3-BF4B-00C04F79EFBC}") = "Assembly-CSharp", "Assembly-CSharp.csproj", "{293D17F4-DFE9-A5A5-6320-5C905F72022A}"
EndProject
Project("{FAE04EC0-301F-11D3-BF4B-00C04F79EFBC}") = "Assembly-CSharp-Editor", "Assembly-CSharp-Editor.csproj", "{68518C38-5ED4-8879-6FCB-AA3F80C46255}"
EndProject
Global
	GlobalSection(SolutionConfigurationPlatforms) = preSolution
		Debug|Any CPU = Debug|Any CPU
		Release|Any CPU = Release|Any CPU
	EndGlobalSection
	GlobalSection(ProjectConfigurationPlatforms) = postSolution
		{293D17F4-DFE9-A5A5-6320-5C905F72022A}.Debug|Any CPU.ActiveCfg = Debug|Any CPU
		{293D17F4-DFE9-A5A5-6320-5C905F72022A}.Debug|Any CPU.Build.0 = Debug|Any CPU
		{293D17F4-DFE9-A5A5-6320-5C905F72022A}.Release|Any CPU.ActiveCfg = Release|Any CPU
		{293D17F4-DFE9-A5A5-6320-5C905F72022A}.Release|Any CPU.Build.0 = Release|Any CPU
		{68518C38-5ED4-8879-6FCB-AA3F80C46255}.Debug|Any CPU.ActiveCfg = Debug|Any CPU
		{68518C38-5ED4-8879-6FCB-AA3F80C46255}.Debug|Any CPU.Build.0 = Debug|Any CPU
		{68518C38-5ED4-8879-6FCB-AA3F80C46255}.Release|Any CPU.ActiveCfg = Release|Any CPU
		{68518C38-5ED4-8879-6FCB-AA3F80C46255}.Release|Any CPU.Build.0 = Release|Any CPU
	EndGlobalSection
	GlobalSection(SolutionProperties) = preSolution
		HideSolutionNode = FALSE
	EndGlobalSection
	GlobalSection(MonoDevelopProperties) = preSolution
		StartupItem = Assembly-CSharp.csproj
	EndGlobalSection
EndGlobal
